dependencies:
- name: plural-certmanager-webhook
  repository: cm://app.plural.sh/cm/bootstrap
  version: 0.1.4
- name: bootstrap
  repository: cm://app.plural.sh/cm/bootstrap
  version: 0.8.45
digest: sha256:3368f0a5cdfcb5c589a88d61c6e803e69e8eb6cd9822bd37374cb649d4850a63
generated: "2022-07-25T17:05:34.365861721Z"
